// !$*UTF8*$!
{
	archiveVersion = 1;
	classes = {
	};
	objectVersion = 48;
	objects = {

/* Begin PBXBuildFile section */
		880138411FC3F3F500FA61C7 /* AppDelegate.swift in Sources */ = {isa = PBXBuildFile; fileRef = 880138401FC3F3F500FA61C7 /* AppDelegate.swift */; };
		880138431FC3F3F500FA61C7 /* ViewController.swift in Sources */ = {isa = PBXBuildFile; fileRef = 880138421FC3F3F500FA61C7 /* ViewController.swift */; };
		880138461FC3F3F500FA61C7 /* Main.storyboard in Resources */ = {isa = PBXBuildFile; fileRef = 880138441FC3F3F500FA61C7 /* Main.storyboard */; };
		880138481FC3F3F500FA61C7 /* Assets.xcassets in Resources */ = {isa = PBXBuildFile; fileRef = 880138471FC3F3F500FA61C7 /* Assets.xcassets */; };
		8801384B1FC3F3F500FA61C7 /* LaunchScreen.storyboard in Resources */ = {isa = PBXBuildFile; fileRef = 880138491FC3F3F500FA61C7 /* LaunchScreen.storyboard */; };
/* End PBXBuildFile section */

/* Begin PBXFileReference section */
		8801383D1FC3F3F500FA61C7 /* Animeloop.app */ = {isa = PBXFileReference; explicitFileType = wrapper.application; includeInIndex = 0; path = Animeloop.app; sourceTree = BUILT_PRODUCTS_DIR; };
		880138401FC3F3F500FA61C7 /* AppDelegate.swift */ = {isa = PBXFileReference; lastKnownFileType = sourcecode.swift; path = AppDelegate.swift; sourceTree = "<group>"; };
		880138421FC3F3F500FA61C7 /* ViewController.swift */ = {isa = PBXFileReference; lastKnownFileType = sourcecode.swift; path = ViewController.swift; sourceTree = "<group>"; };
		880138451FC3F3F500FA61C7 /* Base */ = {isa = PBXFileReference; lastKnownFileType = file.storyboard; name = Base; path = Base.lproj/Main.storyboard; sourceTree = "<group>"; };
		880138471FC3F3F500FA61C7 /* Assets.xcassets */ = {isa = PBXFileReference; lastKnownFileType = folder.assetcatalog; path = Assets.xcassets; sourceTree = "<group>"; };
		8801384A1FC3F3F500FA61C7 /* Base */ = {isa = PBXFileReference; lastKnownFileType = file.storyboard; name = Base; path = Base.lproj/LaunchScreen.storyboard; sourceTree = "<group>"; };
		8801384C1FC3F3F500FA61C7 /* Info.plist */ = {isa = PBXFileReference; lastKnownFileType = text.plist.xml; path = Info.plist; sourceTree = "<group>"; };
/* End PBXFileReference section */

/* Begin PBXFrameworksBuildPhase section */
		8801383A1FC3F3F500FA61C7 /* Frameworks */ = {
			isa = PBXFrameworksBuildPhase;
			buildActionMask = 2147483647;
			files = (
			);
			runOnlyForDeploymentPostprocessing = 0;
		};
/* End PBXFrameworksBuildPhase section */

/* Begin PBXGroup section */
		880138341FC3F3F500FA61C7 = {
			isa = PBXGroup;
			children = (
				8801383F1FC3F3F500FA61C7 /* Animeloop */,
				8801383E1FC3F3F500FA61C7 /* Products */,
			);
			sourceTree = "<group>";
		};
		8801383E1FC3F3F500FA61C7 /* Products */ = {
			isa = PBXGroup;
			children = (
				8801383D1FC3F3F500FA61C7 /* Animeloop.app */,
			);
			name = Products;
			sourceTree = "<group>";
		};
		8801383F1FC3F3F500FA61C7 /* Animeloop */ = {
			isa = PBXGroup;
			children = (
				880138401FC3F3F500FA61C7 /* AppDelegate.swift */,
				880138421FC3F3F500FA61C7 /* ViewController.swift */,
				880138441FC3F3F500FA61C7 /* Main.storyboard */,
				880138471FC3F3F500FA61C7 /* Assets.xcassets */,
				880138491FC3F3F500FA61C7 /* LaunchScreen.storyboard */,
				8801384C1FC3F3F500FA61C7 /* Info.plist */,
			);
			path = Animeloop;
			sourceTree = "<group>";
		};
/* End PBXGroup section */

/* Begin PBXNativeTarget section */
		8801383C1FC3F3F500FA61C7 /* Animeloop */ = {
			isa = PBXNativeTarget;
			buildConfigurationList = 8801384F1FC3F3F500FA61C7 /* Build configuration list for PBXNativeTarget "Animeloop" */;
			buildPhases = (
				880138391FC3F3F500FA61C7 /* Sources */,
				8801383A1FC3F3F500FA61C7 /* Frameworks */,
				8801383B1FC3F3F500FA61C7 /* Resources */,
			);
			buildRules = (
			);
			dependencies = (
			);
			name = Animeloop;
			productName = Animeloop;
			productReference = 8801383D1FC3F3F500FA61C7 /* Animeloop.app */;
			productType = "com.apple.product-type.application";
		};
/* End PBXNativeTarget section */

/* Begin PBXProject section */
		880138351FC3F3F500FA61C7 /* Project object */ = {
			isa = PBXProject;
			attributes = {
				LastSwiftUpdateCheck = 0900;
				LastUpgradeCheck = 0900;
				ORGANIZATIONNAME = ShinCurry;
				TargetAttributes = {
					8801383C1FC3F3F500FA61C7 = {
						CreatedOnToolsVersion = 9.0;
						ProvisioningStyle = Automatic;
					};
				};
			};
			buildConfigurationList = 880138381FC3F3F500FA61C7 /* Build configuration list for PBXProject "Animeloop" */;
			compatibilityVersion = "Xcode 8.0";
			developmentRegion = en;
			hasScannedForEncodings = 0;
			knownRegions = (
				en,
				Base,
			);
			mainGroup = 880138341FC3F3F500FA61C7;
			productRefGroup = 8801383E1FC3F3F500FA61C7 /* Products */;
			projectDirPath = "";
			projectRoot = "";
			targets = (
				8801383C1FC3F3F500FA61C7 /* Animeloop */,
			);
		};
/* End PBXProject section */

/* Begin PBXResourcesBuildPhase section */
		8801383B1FC3F3F500FA61C7 /* Resources */ = {
			isa = PBXResourcesBuildPhase;
			buildActionMask = 2147483647;
			files = (
				8801384B1FC3F3F500FA61C7 /* LaunchScreen.storyboard in Resources */,
				880138481FC3F3F500FA61C7 /* Assets.xcassets in Resources */,
				880138461FC3F3F500FA61C7 /* Main.storyboard in Resources */,
			);
			runOnlyForDeploymentPostprocessing = 0;
		};
/* End PBXResourcesBuildPhase section */

/* Begin PBXSourcesBuildPhase section */
		880138391FC3F3F500FA61C7 /* Sources */ = {
			isa = PBXSourcesBuildPhase;
			buildActionMask = 2147483647;
			files = (
				880138431FC3F3F500FA61C7 /* ViewController.swift in Sources */,
				880138411FC3F3F500FA61C7 /* AppDelegate.swift in Sources */,
			);
			runOnlyForDeploymentPostprocessing = 0;
		};
/* End PBXSourcesBuildPhase section */

/* Begin PBXVariantGroup section */
		880138441FC3F3F500FA61C7 /* Main.storyboard */ = {
			isa = PBXVariantGroup;
			children = (
				880138451FC3F3F500FA61C7 /* Base */,
			);
			name = Main.storyboard;
			sourceTree = "<group>";
		};
		880138491FC3F3F500FA61C7 /* LaunchScreen.storyboard */ = {
			isa = PBXVariantGroup;
			children = (
				8801384A1FC3F3F500FA61C7 /* Base */,
			);
			name = LaunchScreen.storyboard;
			sourceTree = "<group>";
		};
/* End PBXVariantGroup section */

/* Begin XCBuildConfiguration section */
		8801384D1FC3F3F500FA61C7 /* Debug */ = {
			isa = XCBuildConfiguration;
			buildSettings = {
				ALWAYS_SEARCH_USER_PATHS = NO;
				CLANG_ANALYZER_NONNULL = YES;
				CLANG_ANALYZER_NUMBER_OBJECT_CONVERSION = YES_AGGRESSIVE;
				CLANG_CXX_LANGUAGE_STANDARD = "gnu++14";
				CLANG_CXX_LIBRARY = "libc++";
				CLANG_ENABLE_MODULES = YES;
				CLANG_ENABLE_OBJC_ARC = YES;
				CLANG_WARN_BLOCK_CAPTURE_AUTORELEASING = YES;
				CLANG_WARN_BOOL_CONVERSION = YES;
				CLANG_WARN_COMMA = YES;
				CLANG_WARN_CONSTANT_CONVERSION = YES;
				CLANG_WARN_DIRECT_OBJC_ISA_USAGE = YES_ERROR;
				CLANG_WARN_DOCUMENTATION_COMMENTS = YES;
				CLANG_WARN_EMPTY_BODY = YES;
				CLANG_WARN_ENUM_CONVERSION = YES;
				CLANG_WARN_INFINITE_RECURSION = YES;
				CLANG_WARN_INT_CONVERSION = YES;
				CLANG_WARN_NON_LITERAL_NULL_CONVERSION = YES;
				CLANG_WARN_OBJC_LITERAL_CONVERSION = YES;
				CLANG_WARN_OBJC_ROOT_CLASS = YES_ERROR;
				CLANG_WARN_RANGE_LOOP_ANALYSIS = YES;
				CLANG_WARN_STRICT_PROTOTYPES = YES;
				CLANG_WARN_SUSPICIOUS_MOVE = YES;
				CLANG_WARN_UNGUARDED_AVAILABILITY = YES_AGGRESSIVE;
				CLANG_WARN_UNREACHABLE_CODE = YES;
				CLANG_WARN__DUPLICATE_METHOD_MATCH = YES;
				CODE_SIGN_IDENTITY = "iPhone Developer";
				COPY_PHASE_STRIP = NO;
				DEBUG_INFORMATION_FORMAT = dwarf;
				ENABLE_STRICT_OBJC_MSGSEND = YES;
				ENABLE_TESTABILITY = YES;
				GCC_C_LANGUAGE_STANDARD = gnu11;
				GCC_DYNAMIC_NO_PIC = NO;
				GCC_NO_COMMON_BLOCKS = YES;
				GCC_OPTIMIZATION_LEVEL = 0;
				GCC_PREPROCESSOR_DEFINITIONS = (
					"DEBUG=1",
					"$(inherited)",
				);
				GCC_WARN_64_TO_32_BIT_CONVERSION = YES;
				GCC_WARN_ABOUT_RETURN_TYPE = YES_ERROR;
				GCC_WARN_UNDECLARED_SELECTOR = YES;
				GCC_WARN_UNINITIALIZED_AUTOS = YES_AGGRESSIVE;
				GCC_WARN_UNUSED_FUNCTION = YES;
				GCC_WARN_UNUSED_VARIABLE = YES;
				IPHONEOS_DEPLOYMENT_TARGET = 11.0;
				MTL_ENABLE_DEBUG_INFO = YES;
				ONLY_ACTIVE_ARCH = YES;
				SDKROOT = iphoneos;
				SWIFT_ACTIVE_COMPILATION_CONDITIONS = DEBUG;
				SWIFT_OPTIMIZATION_LEVEL = "-Onone";
			};
			name = Debug;
		};
		8801384E1FC3F3F500FA61C7 /* Release */ = {
			isa = XCBuildConfiguration;
			buildSettings = {
				ALWAYS_SEARCH_USER_PATHS = NO;
				CLANG_ANALYZER_NONNULL = YES;
				CLANG_ANALYZER_NUMBER_OBJECT_CONVERSION = YES_AGGRESSIVE;
				CLANG_CXX_LANGUAGE_STANDARD = "gnu++14";
				CLANG_CXX_LIBRARY = "libc++";
				CLANG_ENABLE_MODULES = YES;
				CLANG_ENABLE_OBJC_ARC = YES;
				CLANG_WARN_BLOCK_CAPTURE_AUTORELEASING = YES;
				CLANG_WARN_BOOL_CONVERSION = YES;
				CLANG_WARN_COMMA = YES;
				CLANG_WARN_CONSTANT_CONVERSION = YES;
				CLANG_WARN_DIRECT_OBJC_ISA_USAGE = YES_ERROR;
				CLANG_WARN_DOCUMENTATION_COMMENTS = YES;
				CLANG_WARN_EMPTY_BODY = YES;
				CLANG_WARN_ENUM_CONVERSION = YES;
				CLANG_WARN_INFINITE_RECURSION = YES;
				CLANG_WARN_INT_CONVERSION = YES;
				CLANG_WARN_NON_LITERAL_NULL_CONVERSION = YES;
				CLANG_WARN_OBJC_LITERAL_CONVERSION = YES;
				CLANG_WARN_OBJC_ROOT_CLASS = YES_ERROR;
				CLANG_WARN_RANGE_LOOP_ANALYSIS = YES;
				CLANG_WARN_STRICT_PROTOTYPES = YES;
				CLANG_WARN_SUSPICIOUS_MOVE = YES;
				CLANG_WARN_UNGUARDED_AVAILABILITY = YES_AGGRESSIVE;
				CLANG_WARN_UNREACHABLE_CODE = YES;
				CLANG_WARN__DUPLICATE_METHOD_MATCH = YES;
				CODE_SIGN_IDENTITY = "iPhone Developer";
				COPY_PHASE_STRIP = NO;
				DEBUG_INFORMATION_FORMAT = "dwarf-with-dsym";
				ENABLE_NS_ASSERTIONS = NO;
				ENABLE_STRICT_OBJC_MSGSEND = YES;
				GCC_C_LANGUAGE_STANDARD = gnu11;
				GCC_NO_COMMON_BLOCKS = YES;
				GCC_WARN_64_TO_32_BIT_CONVERSION = YES;
				GCC_WARN_ABOUT_RETURN_TYPE = YES_ERROR;
				GCC_WARN_UNDECLARED_SELECTOR = YES;
				GCC_WARN_UNINITIALIZED_AUTOS = YES_AGGRESSIVE;
				GCC_WARN_UNUSED_FUNCTION = YES;
				GCC_WARN_UNUSED_VARIABLE = YES;
				IPHONEOS_DEPLOYMENT_TARGET = 11.0;
				MTL_ENABLE_DEBUG_INFO = NO;
				SDKROOT = iphoneos;
				SWIFT_OPTIMIZATION_LEVEL = "-Owholemodule";
				VALIDATE_PRODUCT = YES;
			};
			name = Release;
		};
		880138501FC3F3F500FA61C7 /* Debug */ = {
			isa = XCBuildConfiguration;
			buildSettings = {
				ASSETCATALOG_COMPILER_APPICON_NAME = AppIcon;
				CODE_SIGN_STYLE = Automatic;
				DEVELOPMENT_TEAM = 525R2U87NG;
				INFOPLIST_FILE = Animeloop/Info.plist;
				LD_RUNPATH_SEARCH_PATHS = "$(inherited) @executable_path/Frameworks";
				PRODUCT_BUNDLE_IDENTIFIER = com.windisco.Animeloop;
				PRODUCT_NAME = "$(TARGET_NAME)";
				SWIFT_VERSION = 4.0;
				TARGETED_DEVICE_FAMILY = "1,2";
			};
			name = Debug;
		};
		880138511FC3F3F500FA61C7 /* Release */ = {
			isa = XCBuildConfiguration;
			buildSettings = {
				ASSETCATALOG_COMPILER_APPICON_NAME = AppIcon;
				CODE_SIGN_STYLE = Automatic;
				DEVELOPMENT_TEAM = 525R2U87NG;
				INFOPLIST_FILE = Animeloop/Info.plist;
				LD_RUNPATH_SEARCH_PATHS = "$(inherited) @executable_path/Frameworks";
				PRODUCT_BUNDLE_IDENTIFIER = com.windisco.Animeloop;
				PRODUCT_NAME = "$(TARGET_NAME)";
				SWIFT_VERSION = 4.0;
				TARGETED_DEVICE_FAMILY = "1,2";
			};
			name = Release;
		};
/* End XCBuildConfiguration section */

/* Begin XCConfigurationList section */
		880138381FC3F3F500FA61C7 /* Build configuration list for PBXProject "Animeloop" */ = {
			isa = XCConfigurationList;
			buildConfigurations = (
				8801384D1FC3F3F500FA61C7 /* Debug */,
				8801384E1FC3F3F500FA61C7 /* Release */,
			);
			defaultConfigurationIsVisible = 0;
			defaultConfigurationName = Release;
		};
		8801384F1FC3F3F500FA61C7 /* Build configuration list for PBXNativeTarget "Animeloop" */ = {
			isa = XCConfigurationList;
			buildConfigurations = (
				880138501FC3F3F500FA61C7 /* Debug */,
				880138511FC3F3F500FA61C7 /* Release */,
			);
			defaultConfigurationIsVisible = 0;
			defaultConfigurationName = Release;
		};
/* End XCConfigurationList section */
	};
	rootObject = 880138351FC3F3F500FA61C7 /* Project object */;
}
